
Microsoft Visual Studio Solution File, Format Version 12.00
# Visual Studio Version 17
VisualStudioVersion = 17.1.32210.238
MinimumVisualStudioVersion = 10.0.40219.1
Project("{FAE04EC0-301F-11D3-BF4B-00C04F79EFBC}") = "Uppgift 3.4", "Uppgift 3.4\Uppgift 3.4.csproj", "{24992E0F-A349-4CC1-93C6-7FF495DA4222}"
EndProject
Global
	GlobalSection(SolutionConfigurationPlatforms) = preSolution
		Debug|Any CPU = Debug|Any CPU
		Release|Any CPU = Release|Any CPU
	EndGlobalSection
	GlobalSection(ProjectConfigurationPlatforms) = postSolution
		{24992E0F-A349-4CC1-93C6-7FF495DA4222}.Debug|Any CPU.ActiveCfg = Debug|Any CPU
		{24992E0F-A349-4CC1-93C6-7FF495DA4222}.Debug|Any CPU.Build.0 = Debug|Any CPU
		{24992E0F-A349-4CC1-93C6-7FF495DA4222}.Release|Any CPU.ActiveCfg = Release|Any CPU
		{24992E0F-A349-4CC1-93C6-7FF495DA4222}.Release|Any CPU.Build.0 = Release|Any CPU
	EndGlobalSection
	GlobalSection(SolutionProperties) = preSolution
		HideSolutionNode = FALSE
	EndGlobalSection
	GlobalSection(ExtensibilityGlobals) = postSolution
		SolutionGuid = {38C62198-FB5C-4FCA-BE78-5D9DDF0BFA7C}
	EndGlobalSection
EndGlobal
